
Microsoft Visual Studio Solution File, Format Version 12.00
# Visual Studio Version 17
VisualStudioVersion = 17.8.34511.84
MinimumVisualStudioVersion = 10.0.40219.1
Project("{FAE04EC0-301F-11D3-BF4B-00C04F79EFBC}") = "Ap01", "Ap01\Ap01.csproj", "{14FFDE99-CD15-40A7-A66C-3AAEA90CD4A5}"
EndProject
Project("{FAE04EC0-301F-11D3-BF4B-00C04F79EFBC}") = "Ap02", "Ap02\Ap02.csproj", "{EA8E4DC4-4B90-40EB-9661-183E40B4075B}"
EndProject
Project("{FAE04EC0-301F-11D3-BF4B-00C04F79EFBC}") = "Ap03", "Ap03\Ap03.csproj", "{17B51902-0468-46CA-92AF-4889A462A91A}"
EndProject
Project("{FAE04EC0-301F-11D3-BF4B-00C04F79EFBC}") = "Ap04", "Ap04\Ap04.csproj", "{D47F26F2-B54D-4A3D-9DAE-B6C3D96374B4}"
EndProject
Project("{FAE04EC0-301F-11D3-BF4B-00C04F79EFBC}") = "Ap05", "Ap05\Ap05.csproj", "{9189DAE3-564B-40CE-8E34-91BDAFCFC7AB}"
EndProject
Project("{FAE04EC0-301F-11D3-BF4B-00C04F79EFBC}") = "Ap06", "Ap06\Ap06.csproj", "{511627CB-44D2-413B-A1DA-E8692025EDFA}"
EndProject
Project("{FAE04EC0-301F-11D3-BF4B-00C04F79EFBC}") = "Ap07", "Ap07\Ap07.csproj", "{D3F6E1CE-593D-4FB9-9CD9-6BD35DD88C81}"
EndProject
Project("{FAE04EC0-301F-11D3-BF4B-00C04F79EFBC}") = "Ap08", "Ap08\Ap08.csproj", "{3AAEAA6F-7952-472C-9F5F-43EC1D641AE8}"
EndProject
Project("{FAE04EC0-301F-11D3-BF4B-00C04F79EFBC}") = "Ap09", "Ap09\Ap09.csproj", "{D01DB0A5-C09A-417A-BFDE-3E61DEBDD043}"
EndProject
Project("{FAE04EC0-301F-11D3-BF4B-00C04F79EFBC}") = "Ap10", "Ap10\Ap10.csproj", "{E8A10458-3294-41D8-9983-58231798FA06}"
EndProject
Project("{FAE04EC0-301F-11D3-BF4B-00C04F79EFBC}") = "Ap11", "Ap11\Ap11.csproj", "{D0D96294-447F-42B7-94DE-0A93AE51D19A}"
EndProject
Project("{FAE04EC0-301F-11D3-BF4B-00C04F79EFBC}") = "Ap12", "Ap12\Ap12.csproj", "{AF4503C5-D925-4CA7-8F4B-05547A5BE998}"
EndProject
Project("{FAE04EC0-301F-11D3-BF4B-00C04F79EFBC}") = "Ap13", "Ap13\Ap13.csproj", "{3A1FAE4A-3850-4AE7-8CB1-2FD054FCE80A}"
EndProject
Project("{FAE04EC0-301F-11D3-BF4B-00C04F79EFBC}") = "Ap14", "Ap14\Ap14.csproj", "{44F6174C-7EE0-404B-9FE5-1B1E404283D9}"
EndProject
Project("{FAE04EC0-301F-11D3-BF4B-00C04F79EFBC}") = "Ap15", "Ap15\Ap15.csproj", "{70AC20BC-70E6-4B68-96E5-62B2C47B9D08}"
EndProject
Project("{FAE04EC0-301F-11D3-BF4B-00C04F79EFBC}") = "Ap16", "Ap16\Ap16.csproj", "{EFCFA0CB-0E84-42CF-A0C0-CF5BB731B42F}"
EndProject
Project("{FAE04EC0-301F-11D3-BF4B-00C04F79EFBC}") = "Ap17", "Ap17\Ap17.csproj", "{F20D86FE-06A4-47C7-8054-D38F280CB42C}"
EndProject
Project("{FAE04EC0-301F-11D3-BF4B-00C04F79EFBC}") = "Ap18", "Ap18\Ap18.csproj", "{9CD3486A-431B-4B84-8BE1-A5CFF79DE5B5}"
EndProject
Project("{FAE04EC0-301F-11D3-BF4B-00C04F79EFBC}") = "Ap19", "Ap19\Ap19.csproj", "{70F3243A-1BC8-4B4A-B21B-059C95713F5F}"
EndProject
Project("{FAE04EC0-301F-11D3-BF4B-00C04F79EFBC}") = "Ap20", "Ap20\Ap20.csproj", "{5FE9796A-D741-41AD-AD6E-4B56EE112470}"
EndProject
Global
	GlobalSection(SolutionConfigurationPlatforms) = preSolution
		Debug|Any CPU = Debug|Any CPU
		Release|Any CPU = Release|Any CPU
	EndGlobalSection
	GlobalSection(ProjectConfigurationPlatforms) = postSolution
		{14FFDE99-CD15-40A7-A66C-3AAEA90CD4A5}.Debug|Any CPU.ActiveCfg = Debug|Any CPU
		{14FFDE99-CD15-40A7-A66C-3AAEA90CD4A5}.Debug|Any CPU.Build.0 = Debug|Any CPU
		{14FFDE99-CD15-40A7-A66C-3AAEA90CD4A5}.Release|Any CPU.ActiveCfg = Release|Any CPU
		{14FFDE99-CD15-40A7-A66C-3AAEA90CD4A5}.Release|Any CPU.Build.0 = Release|Any CPU
		{EA8E4DC4-4B90-40EB-9661-183E40B4075B}.Debug|Any CPU.ActiveCfg = Debug|Any CPU
		{EA8E4DC4-4B90-40EB-9661-183E40B4075B}.Debug|Any CPU.Build.0 = Debug|Any CPU
		{EA8E4DC4-4B90-40EB-9661-183E40B4075B}.Release|Any CPU.ActiveCfg = Release|Any CPU
		{EA8E4DC4-4B90-40EB-9661-183E40B4075B}.Release|Any CPU.Build.0 = Release|Any CPU
		{17B51902-0468-46CA-92AF-4889A462A91A}.Debug|Any CPU.ActiveCfg = Debug|Any CPU
		{17B51902-0468-46CA-92AF-4889A462A91A}.Debug|Any CPU.Build.0 = Debug|Any CPU
		{17B51902-0468-46CA-92AF-4889A462A91A}.Release|Any CPU.ActiveCfg = Release|Any CPU
		{17B51902-0468-46CA-92AF-4889A462A91A}.Release|Any CPU.Build.0 = Release|Any CPU
		{D47F26F2-B54D-4A3D-9DAE-B6C3D96374B4}.Debug|Any CPU.ActiveCfg = Debug|Any CPU
		{D47F26F2-B54D-4A3D-9DAE-B6C3D96374B4}.Debug|Any CPU.Build.0 = Debug|Any CPU
		{D47F26F2-B54D-4A3D-9DAE-B6C3D96374B4}.Release|Any CPU.ActiveCfg = Release|Any CPU
		{D47F26F2-B54D-4A3D-9DAE-B6C3D96374B4}.Release|Any CPU.Build.0 = Release|Any CPU
		{9189DAE3-564B-40CE-8E34-91BDAFCFC7AB}.Debug|Any CPU.ActiveCfg = Debug|Any CPU
		{9189DAE3-564B-40CE-8E34-91BDAFCFC7AB}.Debug|Any CPU.Build.0 = Debug|Any CPU
		{9189DAE3-564B-40CE-8E34-91BDAFCFC7AB}.Release|Any CPU.ActiveCfg = Release|Any CPU
		{9189DAE3-564B-40CE-8E34-91BDAFCFC7AB}.Release|Any CPU.Build.0 = Release|Any CPU
		{511627CB-44D2-413B-A1DA-E8692025EDFA}.Debug|Any CPU.ActiveCfg = Debug|Any CPU
		{511627CB-44D2-413B-A1DA-E8692025EDFA}.Debug|Any CPU.Build.0 = Debug|Any CPU
		{511627CB-44D2-413B-A1DA-E8692025EDFA}.Release|Any CPU.ActiveCfg = Release|Any CPU
		{511627CB-44D2-413B-A1DA-E8692025EDFA}.Release|Any CPU.Build.0 = Release|Any CPU
		{D3F6E1CE-593D-4FB9-9CD9-6BD35DD88C81}.Debug|Any CPU.ActiveCfg = Debug|Any CPU
		{D3F6E1CE-593D-4FB9-9CD9-6BD35DD88C81}.Debug|Any CPU.Build.0 = Debug|Any CPU
		{D3F6E1CE-593D-4FB9-9CD9-6BD35DD88C81}.Release|Any CPU.ActiveCfg = Release|Any CPU
		{D3F6E1CE-593D-4FB9-9CD9-6BD35DD88C81}.Release|Any CPU.Build.0 = Release|Any CPU
		{3AAEAA6F-7952-472C-9F5F-43EC1D641AE8}.Debug|Any CPU.ActiveCfg = Debug|Any CPU
		{3AAEAA6F-7952-472C-9F5F-43EC1D641AE8}.Debug|Any CPU.Build.0 = Debug|Any CPU
		{3AAEAA6F-7952-472C-9F5F-43EC1D641AE8}.Release|Any CPU.ActiveCfg = Release|Any CPU
		{3AAEAA6F-7952-472C-9F5F-43EC1D641AE8}.Release|Any CPU.Build.0 = Release|Any CPU
		{D01DB0A5-C09A-417A-BFDE-3E61DEBDD043}.Debug|Any CPU.ActiveCfg = Debug|Any CPU
		{D01DB0A5-C09A-417A-BFDE-3E61DEBDD043}.Debug|Any CPU.Build.0 = Debug|Any CPU
		{D01DB0A5-C09A-417A-BFDE-3E61DEBDD043}.Release|Any CPU.ActiveCfg = Release|Any CPU
		{D01DB0A5-C09A-417A-BFDE-3E61DEBDD043}.Release|Any CPU.Build.0 = Release|Any CPU
		{E8A10458-3294-41D8-9983-58231798FA06}.Debug|Any CPU.ActiveCfg = Debug|Any CPU
		{E8A10458-3294-41D8-9983-58231798FA06}.Debug|Any CPU.Build.0 = Debug|Any CPU
		{E8A10458-3294-41D8-9983-58231798FA06}.Release|Any CPU.ActiveCfg = Release|Any CPU
		{E8A10458-3294-41D8-9983-58231798FA06}.Release|Any CPU.Build.0 = Release|Any CPU
		{D0D96294-447F-42B7-94DE-0A93AE51D19A}.Debug|Any CPU.ActiveCfg = Debug|Any CPU
		{D0D96294-447F-42B7-94DE-0A93AE51D19A}.Debug|Any CPU.Build.0 = Debug|Any CPU
		{D0D96294-447F-42B7-94DE-0A93AE51D19A}.Release|Any CPU.ActiveCfg = Release|Any CPU
		{D0D96294-447F-42B7-94DE-0A93AE51D19A}.Release|Any CPU.Build.0 = Release|Any CPU
		{AF4503C5-D925-4CA7-8F4B-05547A5BE998}.Debug|Any CPU.ActiveCfg = Debug|Any CPU
		{AF4503C5-D925-4CA7-8F4B-05547A5BE998}.Debug|Any CPU.Build.0 = Debug|Any CPU
		{AF4503C5-D925-4CA7-8F4B-05547A5BE998}.Release|Any CPU.ActiveCfg = Release|Any CPU
		{AF4503C5-D925-4CA7-8F4B-05547A5BE998}.Release|Any CPU.Build.0 = Release|Any CPU
		{3A1FAE4A-3850-4AE7-8CB1-2FD054FCE80A}.Debug|Any CPU.ActiveCfg = Debug|Any CPU
		{3A1FAE4A-3850-4AE7-8CB1-2FD054FCE80A}.Debug|Any CPU.Build.0 = Debug|Any CPU
		{3A1FAE4A-3850-4AE7-8CB1-2FD054FCE80A}.Release|Any CPU.ActiveCfg = Release|Any CPU
		{3A1FAE4A-3850-4AE7-8CB1-2FD054FCE80A}.Release|Any CPU.Build.0 = Release|Any CPU
		{44F6174C-7EE0-404B-9FE5-1B1E404283D9}.Debug|Any CPU.ActiveCfg = Debug|Any CPU
		{44F6174C-7EE0-404B-9FE5-1B1E404283D9}.Debug|Any CPU.Build.0 = Debug|Any CPU
		{44F6174C-7EE0-404B-9FE5-1B1E404283D9}.Release|Any CPU.ActiveCfg = Release|Any CPU
		{44F6174C-7EE0-404B-9FE5-1B1E404283D9}.Release|Any CPU.Build.0 = Release|Any CPU
		{70AC20BC-70E6-4B68-96E5-62B2C47B9D08}.Debug|Any CPU.ActiveCfg = Debug|Any CPU
		{70AC20BC-70E6-4B68-96E5-62B2C47B9D08}.Debug|Any CPU.Build.0 = Debug|Any CPU
		{70AC20BC-70E6-4B68-96E5-62B2C47B9D08}.Release|Any CPU.ActiveCfg = Release|Any CPU
		{70AC20BC-70E6-4B68-96E5-62B2C47B9D08}.Release|Any CPU.Build.0 = Release|Any CPU
		{EFCFA0CB-0E84-42CF-A0C0-CF5BB731B42F}.Debug|Any CPU.ActiveCfg = Debug|Any CPU
		{EFCFA0CB-0E84-42CF-A0C0-CF5BB731B42F}.Debug|Any CPU.Build.0 = Debug|Any CPU
		{EFCFA0CB-0E84-42CF-A0C0-CF5BB731B42F}.Release|Any CPU.ActiveCfg = Release|Any CPU
		{EFCFA0CB-0E84-42CF-A0C0-CF5BB731B42F}.Release|Any CPU.Build.0 = Release|Any CPU
		{F20D86FE-06A4-47C7-8054-D38F280CB42C}.Debug|Any CPU.ActiveCfg = Debug|Any CPU
		{F20D86FE-06A4-47C7-8054-D38F280CB42C}.Debug|Any CPU.Build.0 = Debug|Any CPU
		{F20D86FE-06A4-47C7-8054-D38F280CB42C}.Release|Any CPU.ActiveCfg = Release|Any CPU
		{F20D86FE-06A4-47C7-8054-D38F280CB42C}.Release|Any CPU.Build.0 = Release|Any CPU
		{9CD3486A-431B-4B84-8BE1-A5CFF79DE5B5}.Debug|Any CPU.ActiveCfg = Debug|Any CPU
		{9CD3486A-431B-4B84-8BE1-A5CFF79DE5B5}.Debug|Any CPU.Build.0 = Debug|Any CPU
		{9CD3486A-431B-4B84-8BE1-A5CFF79DE5B5}.Release|Any CPU.ActiveCfg = Release|Any CPU
		{9CD3486A-431B-4B84-8BE1-A5CFF79DE5B5}.Release|Any CPU.Build.0 = Release|Any CPU
		{70F3243A-1BC8-4B4A-B21B-059C95713F5F}.Debug|Any CPU.ActiveCfg = Debug|Any CPU
		{70F3243A-1BC8-4B4A-B21B-059C95713F5F}.Debug|Any CPU.Build.0 = Debug|Any CPU
		{70F3243A-1BC8-4B4A-B21B-059C95713F5F}.Release|Any CPU.ActiveCfg = Release|Any CPU
		{70F3243A-1BC8-4B4A-B21B-059C95713F5F}.Release|Any CPU.Build.0 = Release|Any CPU
		{5FE9796A-D741-41AD-AD6E-4B56EE112470}.Debug|Any CPU.ActiveCfg = Debug|Any CPU
		{5FE9796A-D741-41AD-AD6E-4B56EE112470}.Debug|Any CPU.Build.0 = Debug|Any CPU
		{5FE9796A-D741-41AD-AD6E-4B56EE112470}.Release|Any CPU.ActiveCfg = Release|Any CPU
		{5FE9796A-D741-41AD-AD6E-4B56EE112470}.Release|Any CPU.Build.0 = Release|Any CPU
	EndGlobalSection
	GlobalSection(SolutionProperties) = preSolution
		HideSolutionNode = FALSE
	EndGlobalSection
	GlobalSection(ExtensibilityGlobals) = postSolution
		SolutionGuid = {B694FC6C-94B5-44BD-A2DB-92C4C55770B5}
	EndGlobalSection
EndGlobal
